Microsoft Visual Studio Solution File, Format Version 12.00
# Visual Studio Version 17
VisualStudioVersion = 17.5.2.0
MinimumVisualStudioVersion = 10.0.40219.1
Project("{FAE04EC0-301F-11D3-BF4B-00C04F79EFBC}") = "TarsusObs", "TarsusObs.csproj", "{607083D3-FEA5-E661-1FF6-6194B686F028}"
EndProject
Global
	GlobalSection(SolutionConfigurationPlatforms) = preSolution
		Debug|Any CPU = Debug|Any CPU
		Release|Any CPU = Release|Any CPU
	EndGlobalSection
	GlobalSection(ProjectConfigurationPlatforms) = postSolution
		{607083D3-FEA5-E661-1FF6-6194B686F028}.Debug|Any CPU.ActiveCfg = Debug|Any CPU
		{607083D3-FEA5-E661-1FF6-6194B686F028}.Debug|Any CPU.Build.0 = Debug|Any CPU
		{607083D3-FEA5-E661-1FF6-6194B686F028}.Release|Any CPU.ActiveCfg = Release|Any CPU
		{607083D3-FEA5-E661-1FF6-6194B686F028}.Release|Any CPU.Build.0 = Release|Any CPU
	EndGlobalSection
	GlobalSection(SolutionProperties) = preSolution
		HideSolutionNode = FALSE
	EndGlobalSection
	GlobalSection(ExtensibilityGlobals) = postSolution
		SolutionGuid = {69E036C1-663C-45CA-8957-1581B1A4BE7E}
	EndGlobalSection
EndGlobal
